version: 1
checksums:
  8033ed03a24d7c4898c90a5365297c20:
    "%231%20Hacker%20News/singular": de271b412c6c022d5c427d29fc70e0ba
    1%20user/singular: 3b547431ab12f0fba84307e6a81109d8
    A%20powerful%2C%20flexible%20kanban%20app%20that%20helps%20you%20organise%20work%2C%0A%20%20%20%20%20%20%20%20%20%20%20%20%20%20track%20progress%2C%20and%20deliver%20results%E2%80%94all%20in%20one%20place./singular: 31f455ed399f410c37aae3f948cc750c
    Activity%20logs/singular: 8b1f0bb96a905646ecfad1cfdfa42168
    Admin%20roles/singular: 32a5d78073b9bb9a246773afba8831df
    All%20seats%20are%20free%20during%20the%20beta%20until%20Sept%201st!/singular: 015cec3899cf99e37c3cf231d432e31d
    Board%20visibility/singular: b4205f3058297833a626156057c24b26
    Collaborate%20seamlessly%20with%20your%20team./singular: c5f10e431aaf8b51519bc009a4a4080c
    Coming%20soon/singular: ee2b0671e00972773210c5be5a9ccb89
    Comments/singular: 502237cd1044491c48494aa60967a985
    Complete%20control%20and%20ownership%3A/singular: 0d8b682ba873272217425ccfc96aa9cd
    Connect%20your%20favorite%20tools%20to%20streamline%20your%20workflow./singular: 033c5dcdb059ccb634aef7fe63f2f45d
    Control%20who%20can%20view%20and%20edit%20your%20boards./singular: 2a7e0bec29bac26280de707e2fe8bce5
    Custom%20domain/singular: b09e7a9c187b7163b4a6cfc78042fe42
    Discuss%20and%20collaborate%20on%20cards./singular: f2e87816709f602130831ead50bba457
    Do%20you%20offer%20a%20free%20plan%3F/singular: 3ef16b0994f0d9ae17067782ca9bed1b
    Docs/singular: 55fea190a0c0fb32acd3dc986cd3cc91
    Everything%20in%20the%20free%20plan%2C%20plus%3A/singular: 62b44c4973b92b806c69a4b15e0256dc
    Everything%20you%20need%2C%20free%20forever.%20Unlimited%20boards%2C%20unlimited%20lists%2C%20unlimited%20cards.%20Upgrade%20any%20time./singular: fa21632ab1468edf10acda2fe7b71323
    FAQs/singular: dc36d7992372ccd419b39ef51cf5b16c
    Features/singular: 341ff316a339b106a178f0b8d362951b
    Find%20answers%20to%20common%20questions%20about%20the%20project.%20Can't%20find%20what%20you're%20looking%20for%3F%20Feel%20free%20to%20%3C0%3Econtact%20us%3C%2F0%3E./singular: 4d99230dad703bf2d71ba670c2f79d3d
    For%20long-term%20sustainability%2C%20we%20recognise%20all%20good%20open%20source%20projects%20need%20a%20source%20of%20revenue.%20Ours%20comes%20from%20the%20paid%20cloud%20offering%20for%20workspaces%20with%20multiple%20users%20(free%20during%20the%20beta)%20and%20for%20custom%20workspace%20slugs.%20There's%20no%20obligation%20to%20use%20it%2C%20and%20you%20can%20self-host%20the%20software%20on%20your%20own%20infrastructure%20free%20of%20charge./singular: 4eedacd4311ff69bf0fd87083c90a268
    Free/singular: 0326365539c004f6088656f692602078
    Free%2C%20forever/singular: ae4f2f81e88a50b5f250ef8e8e77e74b
    Get%20started/singular: 5c783951b0100a168bdd2161ff294833
    Get%20Started/singular: 1d5f030c4ec9c869e647ae060518b948
    Get%20started%20for%20free%20today/singular: 41e129eba0f6411337b54a7a08ea1709
    Get%20started%20for%20free%2C%20with%20no%20usage%20limits.%20For%20collaboration%2C%20upgrade%20to%20a%20plan%20that%20fits%20the%20size%20of%20your%20team./singular: ddea69fa5d7b4023724296e1287872b6
    Get%20started%20on%20Cloud/singular: ed926f526266ad2063283c58e6f4284a
    Go%20to%20app/singular: 896d0441384dcd2bfb3b23d61ff1944d
    Host%20Kan%20on%20your%20own%20infrastructure.%20Ideal%20for%20organisations%20that%20need%20complete%20control%20over%20their%20data./singular: 8e7ae0783d60ef4624d3caf9bfc3747f
    How%20do%20I%20get%20a%20custom%20URL%3F/singular: 5b28fb95969c0dd19e1b9c9ab8a5fb29
    How%20do%20I%20import%20my%20Trello%20boards%3F/singular: 44b30a727150cb93364af0a10346012a
    How%20do%20I%20invite%20team%20members%3F/singular: e620622060a06288e86ccda35395db87
    How%20do%20I%20self-host%3F/singular: ec0b6afc8ad2f581b512c0fd82926b75
    How%20is%20the%20project%20funded%3F/singular: ba7e936f7b1b5faa47df59a0ef990092
    Import%20your%20Trello%20boards%20and%20hit%20the%20ground%20running./singular: d66d13649f81342f8b3a4f3b54370c20
    Importing%20your%20Trello%20boards%20into%20Kan%20is%20easy.%20You%20can%20follow%20our%20step-by-step%20guide%20%3C0%3Ehere%3C%2F0%3E./singular: ca88dc22801fef08fee1ecfb1bf6914e
    Individuals/singular: 83bfc81f20e60556c44ec80c7d0603ec
    Integrations/singular: 0ccce343287704cd90150c32e2fcad36
    Kanban%20is%20better%20with%20a%20team.%20Perfect%20for%20small%20and%20growing%20teams%20looking%20to%20collaborate./singular: a77bee43046b260797c8936ad23e9223
    Kanban%20reimagined/singular: 613ccfdd9f54c66cbf68cfa313498766
    Labels%20%26%20Filters/singular: 8f0bdd6084516f8241cb613178114390
    Monthly/singular: 818f1192e32bb855597f930d3e78806e
    No%20credit%20card%20required/singular: 2090aa4171dc0b60735069f89b592883
    Organize%20and%20find%20cards%20quickly%20with%20powerful%20filtering%20tools./singular: 1b9898c4b21e9dff413b4f76dc59db56
    Own%20your%20data/singular: cc2178dac4bdf6b07f030cfc2a7510e6
    per%20user%2Fmonth/singular: 72af182c1ba6df6732640f4d8a78d360
    Pricing/singular: ce27f1aeacccc542a174c4b2bce022b0
    Priority%20email%20support/singular: 678538c912a770b1e1416ecdb8e299b1
    Questions%3F/singular: c7c3a47f8b230ce7a43f3c090f21d683
    Roadmap/singular: c60f4a1acf30e566861bf130f13b9ae7
    Run%20on%20your%20own%20infrastructure/singular: eba804911562b8dbf9d69c3e27f1d708
    Save%20time%20with%20reusable%20board%20templates./singular: d0f2d7d0fd682ceaf4ca12c6353fd75a
    Self%20Host/singular: 43fbce2027548b712002e489a20a621a
    Self%20host%20with%20Github/singular: 972155419bcc9f8f9bad9f5ad3538774
    Sign%20in/singular: cb8757c7450e17de1e226e82fb0fa4a2
    Simple%20pricing/singular: 5aa2bece93a71947b268498a58062937
    Simple%2C%20visual%20task%20management%20that%20just%20works.%20Drag%20and%20drop%20cards%2C%20collaborate%20with%20your%20team%2C%20and%20get%20more%20done./singular: f4f138f83017d43dab2882cc08e07bdb
    Star%20on%20Github/singular: e5cb0428f1ac6485688f120d78742875
    Support%20the%20development%20of%20the%20project/singular: c63bab228ab2b1be4370c668a99cd278
    Teams/singular: b63448c05270497973ac4407047dae02
    Templates/singular: 8ed62f56c81fa96c0f3182acb331bf63
    The%20main%20difference%20between%20Kan%20and%20Trello%20is%20that%20Kan%20is%20open%20source%2C%20allowing%20anyone%20to%20view%2C%20modify%2C%20and%20contribute%20to%20our%20code.%20Our%20cloud%20offering%20also%20offers%20no%20restrictions%20on%20features%20for%20individual%20use%2C%20whereas%20Trello%20locks%20basic%20features%20such%20as%20the%20number%20of%20boards%20you%20can%20create%20behind%20a%20paywall./singular: db6e22cc955c5fbe547feedeb48f8719
    The%20open%20source%20%3C0%2F%3E%20alternative%20to%20Trello/singular: 692cb2e8a8e610953c996826beed45a2
    Track%20all%20card%20changes%20with%20detailed%20activity%20history./singular: 0d3bac559c71ec4b8734f9f212320de5
    Trello%20imports/singular: 6827eca403faa8f89891d17827e72af9
    Unlimited%20activity%20log/singular: 8c993de94cda0deac19ba14ecafce6a5
    Unlimited%20boards/singular: cb4fd858137ce825c2f1904d142d8042
    Unlimited%20boards%2C%20unlimited%20lists%2C%20unlimited%20cards.%20No%20credit%20card%20required./singular: 8d9733137deb26664d76b55ad561c42c
    Unlimited%20cards/singular: f44c1050c4d6aa39c8cdf5f4a7d12577
    Unlimited%20comments/singular: 31dbcf487c49a9997142e96bb3ab0040
    Unlimited%20lists/singular: 5c418701b27b9acbc5dd199719007362
    View%20docs/singular: 43ce54f27bb1e3f1880b56e03ab38871
    View%20our%20roadmap./singular: 1dd7ec80e1635951b1c90d592d1d07dc
    We%20are%20using%20the%20%3C0%3EAGPL-3.0%20license%3C%2F0%3E./singular: 08c5ddd938a2a70f61d684e41e18697a
    We're%20just%20getting%20started.%20/singular: 2dfa121e0ff1914e08068308a81973c0
    What%20license%20are%20you%20using%3F/singular: 59d00e1bf28edc21b77fec94875f57ca
    What's%20the%20difference%20between%20Kan%20and%20Trello%3F/singular: 7a02f507dd6abbfab1fdae0b172d31b7
    When%20Trello%20launched%20in%202011%2C%20it%20blew%20everyone%20away%20with%20its%20carefully%20designed%20simplicity%2C%20but%20over%20time%20(and%20atlassification)%20it%20lost%20its%20magic%20and%20grew%20into%20something%20closer%20to%20%22Jira%20Lite%22.%20This%20project%20is%20our%20attempt%20to%20recapture%20the%20original%20magic%20of%20Trello%E2%80%99s%20simplicity%2C%20in%20open%20source./singular: a09fb6c21ae2d7ba45f3c6f3983cbab6
    Why%20make%20an%20open%20source%20Trello%3F/singular: 090833338ba8c64ef7a75e0f2615b34b
    Workspace%20members/singular: 1857292f9567c556c781a23bd7e10544
    Yearly/singular: 87f43e016c19cb25860f456549a2f431
    Yes%2C%20we%20offer%20an%20forever%20free%20plan%20for%20individual%20use.%20No%20restrictions%2C%20no%20paywalls%2C%20no%20limits./singular: 963cee303d0ff13c1719f4575e774fe3
    You%20can%20get%20a%20custom%20workspace%20URL%2C%20like%20%3C0%3Ekan.bn%2Fkan%3C%2F0%3E%2C%20by%20going%20into%20your%20%3C1%3Eworkspace%20settings%3C%2F1%3E%20and%20purchasing%20a%20pro%20workspace%20subscription.%20All%20subscriptions%20help%20fund%20the%20development%20of%20the%20project!/singular: 41dd145ef56f539e12dc064a9807c660
    You%20can%20invite%20team%20members%20by%20clicking%20the%20%22Invite%22%20button%20in%20the%20top%20right%20corner%20of%20the%20%3C0%3Emembers%20page%3C%2F0%3E%20and%20entering%20their%20email%20address.%20They%20will%20receive%20an%20email%20with%20a%20link%20to%20join%20the%20workspace./singular: 47e125eb9b4c11cab5a2f4b3ab08e883
    You%20can%20self-host%20by%20following%20the%20instructions%20in%20our%20%3C0%3Erepo%3C%2F0%3E./singular: a6152a41b2d8f64d5a657e5b8bc808a9
